
Microsoft Visual Studio Solution File, Format Version 12.00
# Visual Studio 15
VisualStudioVersion = 15.0.26730.15
MinimumVisualStudioVersion = 10.0.40219.1
Project("{FAE04EC0-301F-11D3-BF4B-00C04F79EFBC}") = "Simulace", "Simulace\Simulace.csproj", "{B5007AF0-E4E0-4D1D-8D69-A9D91F3DF03E}"
EndProject
Global
	GlobalSection(SolutionConfigurationPlatforms) = preSolution
		Debug|Any CPU = Debug|Any CPU
		Release|Any CPU = Release|Any CPU
	EndGlobalSection
	GlobalSection(ProjectConfigurationPlatforms) = postSolution
		{B5007AF0-E4E0-4D1D-8D69-A9D91F3DF03E}.Debug|Any CPU.ActiveCfg = Debug|Any CPU
		{B5007AF0-E4E0-4D1D-8D69-A9D91F3DF03E}.Debug|Any CPU.Build.0 = Debug|Any CPU
		{B5007AF0-E4E0-4D1D-8D69-A9D91F3DF03E}.Release|Any CPU.ActiveCfg = Release|Any CPU
		{B5007AF0-E4E0-4D1D-8D69-A9D91F3DF03E}.Release|Any CPU.Build.0 = Release|Any CPU
	EndGlobalSection
	GlobalSection(SolutionProperties) = preSolution
		HideSolutionNode = FALSE
	EndGlobalSection
	GlobalSection(ExtensibilityGlobals) = postSolution
		SolutionGuid = {09DA4839-0143-4F42-94F7-77BE809F3CEB}
	EndGlobalSection
EndGlobal
